Microsoft Visual Studio Solution File, Format Version 12.00
# Visual Studio Version 16
VisualStudioVersion = 16.0.28407.52
MinimumVisualStudioVersion = 15.0.26124.0
Project("{9A19103F-16F7-4668-BE54-9A1E7A4F7556}") = "Epos.Eventing", "Epos.Eventing\Epos.Eventing.csproj", "{D3598DA9-B07F-4709-895A-832D33FFEF74}"
EndProject
Project("{9A19103F-16F7-4668-BE54-9A1E7A4F7556}") = "Epos.Eventing.RabbitMQ", "Epos.Eventing.RabbitMQ\Epos.Eventing.RabbitMQ.csproj", "{8A2A38E4-E2A0-4F38-9165-995FCC027E23}"
EndProject
Project("{FAE04EC0-301F-11D3-BF4B-00C04F79EFBC}") = "Epos.Eventing.RabbitMQ.Tests", "Epos.Eventing.RabbitMQ.Tests\Epos.Eventing.RabbitMQ.Tests.csproj", "{EFDFF202-5291-4520-ABD2-9AA7A7096F76}"
EndProject
Global
	GlobalSection(SolutionConfigurationPlatforms) = preSolution
		Debug|Any CPU = Debug|Any CPU
		Debug|x64 = Debug|x64
		Debug|x86 = Debug|x86
		Release|Any CPU = Release|Any CPU
		Release|x64 = Release|x64
		Release|x86 = Release|x86
	EndGlobalSection
	GlobalSection(ProjectConfigurationPlatforms) = postSolution
		{D3598DA9-B07F-4709-895A-832D33FFEF74}.Debug|Any CPU.ActiveCfg = Debug|Any CPU
		{D3598DA9-B07F-4709-895A-832D33FFEF74}.Debug|Any CPU.Build.0 = Debug|Any CPU
		{D3598DA9-B07F-4709-895A-832D33FFEF74}.Debug|x64.ActiveCfg = Debug|Any CPU
		{D3598DA9-B07F-4709-895A-832D33FFEF74}.Debug|x64.Build.0 = Debug|Any CPU
		{D3598DA9-B07F-4709-895A-832D33FFEF74}.Debug|x86.ActiveCfg = Debug|Any CPU
		{D3598DA9-B07F-4709-895A-832D33FFEF74}.Debug|x86.Build.0 = Debug|Any CPU
		{D3598DA9-B07F-4709-895A-832D33FFEF74}.Release|Any CPU.ActiveCfg = Release|Any CPU
		{D3598DA9-B07F-4709-895A-832D33FFEF74}.Release|Any CPU.Build.0 = Release|Any CPU
		{D3598DA9-B07F-4709-895A-832D33FFEF74}.Release|x64.ActiveCfg = Release|Any CPU
		{D3598DA9-B07F-4709-895A-832D33FFEF74}.Release|x64.Build.0 = Release|Any CPU
		{D3598DA9-B07F-4709-895A-832D33FFEF74}.Release|x86.ActiveCfg = Release|Any CPU
		{D3598DA9-B07F-4709-895A-832D33FFEF74}.Release|x86.Build.0 = Release|Any CPU
		{8A2A38E4-E2A0-4F38-9165-995FCC027E23}.Debug|Any CPU.ActiveCfg = Debug|Any CPU
		{8A2A38E4-E2A0-4F38-9165-995FCC027E23}.Debug|Any CPU.Build.0 = Debug|Any CPU
		{8A2A38E4-E2A0-4F38-9165-995FCC027E23}.Debug|x64.ActiveCfg = Debug|Any CPU
		{8A2A38E4-E2A0-4F38-9165-995FCC027E23}.Debug|x64.Build.0 = Debug|Any CPU
		{8A2A38E4-E2A0-4F38-9165-995FCC027E23}.Debug|x86.ActiveCfg = Debug|Any CPU
		{8A2A38E4-E2A0-4F38-9165-995FCC027E23}.Debug|x86.Build.0 = Debug|Any CPU
		{8A2A38E4-E2A0-4F38-9165-995FCC027E23}.Release|Any CPU.ActiveCfg = Release|Any CPU
		{8A2A38E4-E2A0-4F38-9165-995FCC027E23}.Release|Any CPU.Build.0 = Release|Any CPU
		{8A2A38E4-E2A0-4F38-9165-995FCC027E23}.Release|x64.ActiveCfg = Release|Any CPU
		{8A2A38E4-E2A0-4F38-9165-995FCC027E23}.Release|x64.Build.0 = Release|Any CPU
		{8A2A38E4-E2A0-4F38-9165-995FCC027E23}.Release|x86.ActiveCfg = Release|Any CPU
		{8A2A38E4-E2A0-4F38-9165-995FCC027E23}.Release|x86.Build.0 = Release|Any CPU
		{EFDFF202-5291-4520-ABD2-9AA7A7096F76}.Debug|Any CPU.ActiveCfg = Debug|Any CPU
		{EFDFF202-5291-4520-ABD2-9AA7A7096F76}.Debug|Any CPU.Build.0 = Debug|Any CPU
		{EFDFF202-5291-4520-ABD2-9AA7A7096F76}.Debug|x64.ActiveCfg = Debug|Any CPU
		{EFDFF202-5291-4520-ABD2-9AA7A7096F76}.Debug|x64.Build.0 = Debug|Any CPU
		{EFDFF202-5291-4520-ABD2-9AA7A7096F76}.Debug|x86.ActiveCfg = Debug|Any CPU
		{EFDFF202-5291-4520-ABD2-9AA7A7096F76}.Debug|x86.Build.0 = Debug|Any CPU
		{EFDFF202-5291-4520-ABD2-9AA7A7096F76}.Release|Any CPU.ActiveCfg = Release|Any CPU
		{EFDFF202-5291-4520-ABD2-9AA7A7096F76}.Release|Any CPU.Build.0 = Release|Any CPU
		{EFDFF202-5291-4520-ABD2-9AA7A7096F76}.Release|x64.ActiveCfg = Release|Any CPU
		{EFDFF202-5291-4520-ABD2-9AA7A7096F76}.Release|x64.Build.0 = Release|Any CPU
		{EFDFF202-5291-4520-ABD2-9AA7A7096F76}.Release|x86.ActiveCfg = Release|Any CPU
		{EFDFF202-5291-4520-ABD2-9AA7A7096F76}.Release|x86.Build.0 = Release|Any CPU
	EndGlobalSection
	GlobalSection(SolutionProperties) = preSolution
		HideSolutionNode = FALSE
	EndGlobalSection
	GlobalSection(ExtensibilityGlobals) = postSolution
		SolutionGuid = {6133DC39-61FC-4326-B24D-9EB97166A063}
	EndGlobalSection
EndGlobal
