
Microsoft Visual Studio Solution File, Format Version 12.00
# Visual Studio 15
VisualStudioVersion = 15.0.26124.0
MinimumVisualStudioVersion = 15.0.26124.0
Project("{FAE04EC0-301F-11D3-BF4B-00C04F79EFBC}") = "Epos.Messaging", "Epos.Messaging\Epos.Messaging.csproj", "{2FBC8C6A-E470-43F2-95DC-0070121128BA}"
EndProject
Project("{FAE04EC0-301F-11D3-BF4B-00C04F79EFBC}") = "Epos.Messaging.RabbitMQ", "Epos.Messaging.RabbitMQ\Epos.Messaging.RabbitMQ.csproj", "{D2F0F6EC-8B83-44BD-AFFC-EAB1E5C5A136}"
EndProject
Project("{FAE04EC0-301F-11D3-BF4B-00C04F79EFBC}") = "Epos.Messaging.RabbitMQ.Tests", "Epos.Messaging.RabbitMQ.Tests\Epos.Messaging.RabbitMQ.Tests.csproj", "{262743C1-254B-4E1B-8B18-DF50FA33E2DD}"
EndProject
Global
	GlobalSection(SolutionConfigurationPlatforms) = preSolution
		Debug|Any CPU = Debug|Any CPU
		Debug|x64 = Debug|x64
		Debug|x86 = Debug|x86
		Release|Any CPU = Release|Any CPU
		Release|x64 = Release|x64
		Release|x86 = Release|x86
	EndGlobalSection
	GlobalSection(SolutionProperties) = preSolution
		HideSolutionNode = FALSE
	EndGlobalSection
	GlobalSection(ProjectConfigurationPlatforms) = postSolution
		{2FBC8C6A-E470-43F2-95DC-0070121128BA}.Debug|Any CPU.ActiveCfg = Debug|Any CPU
		{2FBC8C6A-E470-43F2-95DC-0070121128BA}.Debug|Any CPU.Build.0 = Debug|Any CPU
		{2FBC8C6A-E470-43F2-95DC-0070121128BA}.Debug|x64.ActiveCfg = Debug|Any CPU
		{2FBC8C6A-E470-43F2-95DC-0070121128BA}.Debug|x64.Build.0 = Debug|Any CPU
		{2FBC8C6A-E470-43F2-95DC-0070121128BA}.Debug|x86.ActiveCfg = Debug|Any CPU
		{2FBC8C6A-E470-43F2-95DC-0070121128BA}.Debug|x86.Build.0 = Debug|Any CPU
		{2FBC8C6A-E470-43F2-95DC-0070121128BA}.Release|Any CPU.ActiveCfg = Release|Any CPU
		{2FBC8C6A-E470-43F2-95DC-0070121128BA}.Release|Any CPU.Build.0 = Release|Any CPU
		{2FBC8C6A-E470-43F2-95DC-0070121128BA}.Release|x64.ActiveCfg = Release|Any CPU
		{2FBC8C6A-E470-43F2-95DC-0070121128BA}.Release|x64.Build.0 = Release|Any CPU
		{2FBC8C6A-E470-43F2-95DC-0070121128BA}.Release|x86.ActiveCfg = Release|Any CPU
		{2FBC8C6A-E470-43F2-95DC-0070121128BA}.Release|x86.Build.0 = Release|Any CPU
		{D2F0F6EC-8B83-44BD-AFFC-EAB1E5C5A136}.Debug|Any CPU.ActiveCfg = Debug|Any CPU
		{D2F0F6EC-8B83-44BD-AFFC-EAB1E5C5A136}.Debug|Any CPU.Build.0 = Debug|Any CPU
		{D2F0F6EC-8B83-44BD-AFFC-EAB1E5C5A136}.Debug|x64.ActiveCfg = Debug|Any CPU
		{D2F0F6EC-8B83-44BD-AFFC-EAB1E5C5A136}.Debug|x64.Build.0 = Debug|Any CPU
		{D2F0F6EC-8B83-44BD-AFFC-EAB1E5C5A136}.Debug|x86.ActiveCfg = Debug|Any CPU
		{D2F0F6EC-8B83-44BD-AFFC-EAB1E5C5A136}.Debug|x86.Build.0 = Debug|Any CPU
		{D2F0F6EC-8B83-44BD-AFFC-EAB1E5C5A136}.Release|Any CPU.ActiveCfg = Release|Any CPU
		{D2F0F6EC-8B83-44BD-AFFC-EAB1E5C5A136}.Release|Any CPU.Build.0 = Release|Any CPU
		{D2F0F6EC-8B83-44BD-AFFC-EAB1E5C5A136}.Release|x64.ActiveCfg = Release|Any CPU
		{D2F0F6EC-8B83-44BD-AFFC-EAB1E5C5A136}.Release|x64.Build.0 = Release|Any CPU
		{D2F0F6EC-8B83-44BD-AFFC-EAB1E5C5A136}.Release|x86.ActiveCfg = Release|Any CPU
		{D2F0F6EC-8B83-44BD-AFFC-EAB1E5C5A136}.Release|x86.Build.0 = Release|Any CPU
		{262743C1-254B-4E1B-8B18-DF50FA33E2DD}.Debug|Any CPU.ActiveCfg = Debug|Any CPU
		{262743C1-254B-4E1B-8B18-DF50FA33E2DD}.Debug|Any CPU.Build.0 = Debug|Any CPU
		{262743C1-254B-4E1B-8B18-DF50FA33E2DD}.Debug|x64.ActiveCfg = Debug|Any CPU
		{262743C1-254B-4E1B-8B18-DF50FA33E2DD}.Debug|x64.Build.0 = Debug|Any CPU
		{262743C1-254B-4E1B-8B18-DF50FA33E2DD}.Debug|x86.ActiveCfg = Debug|Any CPU
		{262743C1-254B-4E1B-8B18-DF50FA33E2DD}.Debug|x86.Build.0 = Debug|Any CPU
		{262743C1-254B-4E1B-8B18-DF50FA33E2DD}.Release|Any CPU.ActiveCfg = Release|Any CPU
		{262743C1-254B-4E1B-8B18-DF50FA33E2DD}.Release|Any CPU.Build.0 = Release|Any CPU
		{262743C1-254B-4E1B-8B18-DF50FA33E2DD}.Release|x64.ActiveCfg = Release|Any CPU
		{262743C1-254B-4E1B-8B18-DF50FA33E2DD}.Release|x64.Build.0 = Release|Any CPU
		{262743C1-254B-4E1B-8B18-DF50FA33E2DD}.Release|x86.ActiveCfg = Release|Any CPU
		{262743C1-254B-4E1B-8B18-DF50FA33E2DD}.Release|x86.Build.0 = Release|Any CPU
	EndGlobalSection
EndGlobal
